
Microsoft Visual Studio Solution File, Format Version 12.00
# Visual Studio Version 16
VisualStudioVersion = 16.0.29613.14
MinimumVisualStudioVersion = 10.0.40219.1
Project("{FAE04EC0-301F-11D3-BF4B-00C04F79EFBC}") = "project", "project\project.csproj", "{92771CBE-6211-45D1-B6C2-124B69F7B7AD}"
EndProject
Global
	GlobalSection(SolutionConfigurationPlatforms) = preSolution
		Debug|Any CPU = Debug|Any CPU
		Release|Any CPU = Release|Any CPU
	EndGlobalSection
	GlobalSection(ProjectConfigurationPlatforms) = postSolution
		{92771CBE-6211-45D1-B6C2-124B69F7B7AD}.Debug|Any CPU.ActiveCfg = Debug|Any CPU
		{92771CBE-6211-45D1-B6C2-124B69F7B7AD}.Debug|Any CPU.Build.0 = Debug|Any CPU
		{92771CBE-6211-45D1-B6C2-124B69F7B7AD}.Release|Any CPU.ActiveCfg = Release|Any CPU
		{92771CBE-6211-45D1-B6C2-124B69F7B7AD}.Release|Any CPU.Build.0 = Release|Any CPU
	EndGlobalSection
	GlobalSection(SolutionProperties) = preSolution
		HideSolutionNode = FALSE
	EndGlobalSection
	GlobalSection(ExtensibilityGlobals) = postSolution
		SolutionGuid = {00A2C952-11DD-43E7-97FF-74A30F287FAF}
	EndGlobalSection
EndGlobal
